
Microsoft Visual Studio Solution File, Format Version 12.00
# Visual Studio Version 16
VisualStudioVersion = 16.0.30907.101
MinimumVisualStudioVersion = 10.0.40219.1
Project("{9A19103F-16F7-4668-BE54-9A1E7A4F7556}") = "KampIntro", "KampIntro\KampIntro.csproj", "{788646F9-EBC3-4FAB-96C7-8845749BC692}"
EndProject
Project("{9A19103F-16F7-4668-BE54-9A1E7A4F7556}") = "Dongoler", "Dongoler\Dongoler.csproj", "{62E59C7B-1231-4B92-B0E3-6CEE230A135A}"
EndProject
Project("{9A19103F-16F7-4668-BE54-9A1E7A4F7556}") = "ClassIntro", "ClassIntro\ClassIntro.csproj", "{80FA3D03-FF70-419C-A45B-44B08AF301F0}"
EndProject
Project("{9A19103F-16F7-4668-BE54-9A1E7A4F7556}") = "Metotlar", "Metotlar\Metotlar.csproj", "{18B5E34C-F1AE-4848-92A2-AF7E8D4CA36A}"
EndProject
Project("{FAE04EC0-301F-11D3-BF4B-00C04F79EFBC}") = "Matematik", "Matematik\Matematik.csproj", "{52F6375D-13E5-403B-8FCF-5B50EBFA8403}"
EndProject
Project("{FAE04EC0-301F-11D3-BF4B-00C04F79EFBC}") = "DegerVeReferansTıpler", "DegerVeReferansTıpler\DegerVeReferansTıpler.csproj", "{B0C9DCB3-406B-4956-9718-6061173BA551}"
EndProject
Global
	GlobalSection(SolutionConfigurationPlatforms) = preSolution
		Debug|Any CPU = Debug|Any CPU
		Release|Any CPU = Release|Any CPU
	EndGlobalSection
	GlobalSection(ProjectConfigurationPlatforms) = postSolution
		{788646F9-EBC3-4FAB-96C7-8845749BC692}.Debug|Any CPU.ActiveCfg = Debug|Any CPU
		{788646F9-EBC3-4FAB-96C7-8845749BC692}.Debug|Any CPU.Build.0 = Debug|Any CPU
		{788646F9-EBC3-4FAB-96C7-8845749BC692}.Release|Any CPU.ActiveCfg = Release|Any CPU
		{788646F9-EBC3-4FAB-96C7-8845749BC692}.Release|Any CPU.Build.0 = Release|Any CPU
		{62E59C7B-1231-4B92-B0E3-6CEE230A135A}.Debug|Any CPU.ActiveCfg = Debug|Any CPU
		{62E59C7B-1231-4B92-B0E3-6CEE230A135A}.Debug|Any CPU.Build.0 = Debug|Any CPU
		{62E59C7B-1231-4B92-B0E3-6CEE230A135A}.Release|Any CPU.ActiveCfg = Release|Any CPU
		{62E59C7B-1231-4B92-B0E3-6CEE230A135A}.Release|Any CPU.Build.0 = Release|Any CPU
		{80FA3D03-FF70-419C-A45B-44B08AF301F0}.Debug|Any CPU.ActiveCfg = Debug|Any CPU
		{80FA3D03-FF70-419C-A45B-44B08AF301F0}.Debug|Any CPU.Build.0 = Debug|Any CPU
		{80FA3D03-FF70-419C-A45B-44B08AF301F0}.Release|Any CPU.ActiveCfg = Release|Any CPU
		{80FA3D03-FF70-419C-A45B-44B08AF301F0}.Release|Any CPU.Build.0 = Release|Any CPU
		{18B5E34C-F1AE-4848-92A2-AF7E8D4CA36A}.Debug|Any CPU.ActiveCfg = Debug|Any CPU
		{18B5E34C-F1AE-4848-92A2-AF7E8D4CA36A}.Debug|Any CPU.Build.0 = Debug|Any CPU
		{18B5E34C-F1AE-4848-92A2-AF7E8D4CA36A}.Release|Any CPU.ActiveCfg = Release|Any CPU
		{18B5E34C-F1AE-4848-92A2-AF7E8D4CA36A}.Release|Any CPU.Build.0 = Release|Any CPU
		{52F6375D-13E5-403B-8FCF-5B50EBFA8403}.Debug|Any CPU.ActiveCfg = Debug|Any CPU
		{52F6375D-13E5-403B-8FCF-5B50EBFA8403}.Debug|Any CPU.Build.0 = Debug|Any CPU
		{52F6375D-13E5-403B-8FCF-5B50EBFA8403}.Release|Any CPU.ActiveCfg = Release|Any CPU
		{52F6375D-13E5-403B-8FCF-5B50EBFA8403}.Release|Any CPU.Build.0 = Release|Any CPU
		{B0C9DCB3-406B-4956-9718-6061173BA551}.Debug|Any CPU.ActiveCfg = Debug|Any CPU
		{B0C9DCB3-406B-4956-9718-6061173BA551}.Debug|Any CPU.Build.0 = Debug|Any CPU
		{B0C9DCB3-406B-4956-9718-6061173BA551}.Release|Any CPU.ActiveCfg = Release|Any CPU
		{B0C9DCB3-406B-4956-9718-6061173BA551}.Release|Any CPU.Build.0 = Release|Any CPU
	EndGlobalSection
	GlobalSection(SolutionProperties) = preSolution
		HideSolutionNode = FALSE
	EndGlobalSection
	GlobalSection(ExtensibilityGlobals) = postSolution
		SolutionGuid = {BD84A21B-7DED-48CD-9668-BFC02FEC015A}
	EndGlobalSection
EndGlobal
